
Microsoft Visual Studio Solution File, Format Version 12.00
# Visual Studio Version 17
VisualStudioVersion = 17.2.32616.157
MinimumVisualStudioVersion = 10.0.40219.1
Project("{FAE04EC0-301F-11D3-BF4B-00C04F79EFBC}") = "Shopping", "Shopping\Shopping.csproj", "{B0A96B67-49E8-4386-9BCF-97EC3CB96D4B}"
EndProject
Global
	GlobalSection(SolutionConfigurationPlatforms) = preSolution
		Debug|Any CPU = Debug|Any CPU
		Release|Any CPU = Release|Any CPU
	EndGlobalSection
	GlobalSection(ProjectConfigurationPlatforms) = postSolution
		{B0A96B67-49E8-4386-9BCF-97EC3CB96D4B}.Debug|Any CPU.ActiveCfg = Debug|Any CPU
		{B0A96B67-49E8-4386-9BCF-97EC3CB96D4B}.Debug|Any CPU.Build.0 = Debug|Any CPU
		{B0A96B67-49E8-4386-9BCF-97EC3CB96D4B}.Release|Any CPU.ActiveCfg = Release|Any CPU
		{B0A96B67-49E8-4386-9BCF-97EC3CB96D4B}.Release|Any CPU.Build.0 = Release|Any CPU
	EndGlobalSection
	GlobalSection(SolutionProperties) = preSolution
		HideSolutionNode = FALSE
	EndGlobalSection
	GlobalSection(ExtensibilityGlobals) = postSolution
		SolutionGuid = {476E2355-DCB7-4763-8B09-6226C98287A1}
	EndGlobalSection
EndGlobal
